
Microsoft Visual Studio Solution File, Format Version 12.00
# Visual Studio Version 16
VisualStudioVersion = 16.0.30621.155
MinimumVisualStudioVersion = 10.0.40219.1
Project("{FAE04EC0-301F-11D3-BF4B-00C04F79EFBC}") = "RemoveRevitAddin", "RemoveRevitAddin.csproj", "{44823A52-3F48-4F05-B423-FF221CE3ED0D}"
EndProject
Global
	GlobalSection(SolutionConfigurationPlatforms) = preSolution
		Debug|Any CPU = Debug|Any CPU
		Release|Any CPU = Release|Any CPU
	EndGlobalSection
	GlobalSection(ProjectConfigurationPlatforms) = postSolution
		{44823A52-3F48-4F05-B423-FF221CE3ED0D}.Debug|Any CPU.ActiveCfg = Debug|Any CPU
		{44823A52-3F48-4F05-B423-FF221CE3ED0D}.Debug|Any CPU.Build.0 = Debug|Any CPU
		{44823A52-3F48-4F05-B423-FF221CE3ED0D}.Release|Any CPU.ActiveCfg = Release|Any CPU
		{44823A52-3F48-4F05-B423-FF221CE3ED0D}.Release|Any CPU.Build.0 = Release|Any CPU
	EndGlobalSection
	GlobalSection(SolutionProperties) = preSolution
		HideSolutionNode = FALSE
	EndGlobalSection
	GlobalSection(ExtensibilityGlobals) = postSolution
		SolutionGuid = {F6258F7F-FAC3-4090-ACBD-D900310B079D}
	EndGlobalSection
EndGlobal
